
Microsoft Visual Studio Solution File, Format Version 12.00
# Visual Studio 15
VisualStudioVersion = 15.0.28307.438
MinimumVisualStudioVersion = 10.0.40219.1
Project("{FAE04EC0-301F-11D3-BF4B-00C04F79EFBC}") = "Test_task", "Test_task\Test_task.csproj", "{B9A95752-F81F-4BA0-8F94-EA609A17CB90}"
EndProject
Global
	GlobalSection(SolutionConfigurationPlatforms) = preSolution
		Debug|Any CPU = Debug|Any CPU
		Release|Any CPU = Release|Any CPU
	EndGlobalSection
	GlobalSection(ProjectConfigurationPlatforms) = postSolution
		{B9A95752-F81F-4BA0-8F94-EA609A17CB90}.Debug|Any CPU.ActiveCfg = Debug|Any CPU
		{B9A95752-F81F-4BA0-8F94-EA609A17CB90}.Debug|Any CPU.Build.0 = Debug|Any CPU
		{B9A95752-F81F-4BA0-8F94-EA609A17CB90}.Release|Any CPU.ActiveCfg = Release|Any CPU
		{B9A95752-F81F-4BA0-8F94-EA609A17CB90}.Release|Any CPU.Build.0 = Release|Any CPU
	EndGlobalSection
	GlobalSection(SolutionProperties) = preSolution
		HideSolutionNode = FALSE
	EndGlobalSection
	GlobalSection(ExtensibilityGlobals) = postSolution
		SolutionGuid = {6C0B0105-2354-47A3-B177-3E3D339CCF47}
	EndGlobalSection
EndGlobal
